PODS:
  - AATKit/Core (2.68.15)
  - AATKit/Inmobi (2.68.15):
    - AATKit/Core
    - InMobiSDK (= 7.2.1)
  - AATKit/Mopub (2.68.15):
    - AATKit/Core
  - AATKit/Smaato (2.68.15):
    - AATKit/Core
    - SmaatoSDK (= 10.2.3)
  - AATKit/SmartAdServer (2.68.15):
    - AATKit/Core
    - Smart-Display-SDK (= 7.2.0)
  - AATKit/Unity (2.68.15):
    - AATKit/Core
    - UnityAds (= 3.0.0)
  - AATKit/Vungle (2.68.15):
    - AATKit/Core
    - VungleSDK-iOS (= 6.3.2)
  - AdColony (4.1.2)
  - AppLovinSDK (6.10.2)
  - FBSDKCoreKit (5.15.0):
    - FBSDKCoreKit/Basics (= 5.15.0)
    - FBSDKCoreKit/Core (= 5.15.0)
  - FBSDKCoreKit/Basics (5.15.0)
  - FBSDKCoreKit/Core (5.15.0):
    - FBSDKCoreKit/Basics
  - FeedAd (1.1.10)
  - Google-Mobile-Ads-SDK (7.50.0):
    - GoogleAppMeasurement (~> 6.0)
  - GoogleAds-IMA-iOS-SDK (3.9.0)
  - GoogleAppMeasurement (6.2.2):
    - GoogleUtilities/AppDelegateSwizzler (~> 6.0)
    - GoogleUtilities/MethodSwizzler (~> 6.0)
    - GoogleUtilities/Network (~> 6.0)
    - "GoogleUtilities/NSData+zlib (~> 6.0)"
    - nanopb (= 0.3.9011)
  - GoogleUtilities/AppDelegateSwizzler (6.5.1):
    - GoogleUtilities/Environment
    - GoogleUtilities/Logger
    - GoogleUtilities/Network
  - GoogleUtilities/Environment (6.5.1)
  - GoogleUtilities/Logger (6.5.1):
    - GoogleUtilities/Environment
  - GoogleUtilities/MethodSwizzler (6.5.1):
    - GoogleUtilities/Logger
  - GoogleUtilities/Network (6.5.1):
    - GoogleUtilities/Logger
    - "GoogleUtilities/NSData+zlib"
    - GoogleUtilities/Reachability
  - "GoogleUtilities/NSData+zlib (6.5.1)"
  - GoogleUtilities/Reachability (6.5.1):
    - GoogleUtilities/Logger
  - HyBid (1.4.1)
  - InMobiSDK (7.2.1)
  - KwizzadRTA (0.4.7):
    - KwizzadRTA/AAT (= 0.4.7)
    - KwizzadRTA/AdColony (= 0.4.7)
    - KwizzadRTA/Admob (= 0.4.7)
    - KwizzadRTA/AppLovin (= 0.4.7)
    - KwizzadRTA/Core (= 0.4.7)
    - KwizzadRTA/FeedAd (= 0.4.7)
    - KwizzadRTA/GoogleIMA (= 0.4.7)
    - KwizzadRTA/Inneractive (= 0.4.7)
    - KwizzadRTA/Pubnative (= 0.4.7)
    - KwizzadRTA/SpotX (= 0.4.7)
  - KwizzadRTA/AAT (0.4.7):
    - AATKit/Core (= 2.68.15)
    - AATKit/Inmobi (= 2.68.15)
    - AATKit/Mopub (= 2.68.15)
    - AATKit/Smaato (= 2.68.15)
    - AATKit/SmartAdServer (= 2.68.15)
    - AATKit/Unity (= 2.68.15)
    - AATKit/Vungle (= 2.68.15)
    - KwizzadRTA/Core
  - KwizzadRTA/AdColony (0.4.7):
    - AdColony (= 4.1.2)
    - KwizzadRTA/Core
  - KwizzadRTA/Admob (0.4.7):
    - Google-Mobile-Ads-SDK (= 7.50.0)
    - KwizzadRTA/Core
  - KwizzadRTA/AppLovin (0.4.7):
    - AppLovinSDK (= 6.10.2)
    - KwizzadRTA/Core
  - KwizzadRTA/Core (0.4.7):
    - FBSDKCoreKit (= 5.15.0)
  - KwizzadRTA/FeedAd (0.4.7):
    - FeedAd (= 1.1.10)
    - KwizzadRTA/Core
  - KwizzadRTA/GoogleIMA (0.4.7):
    - GoogleAds-IMA-iOS-SDK (= 3.9.0)
    - KwizzadRTA/Core
  - KwizzadRTA/Inneractive (0.4.7):
    - KwizzadRTA/Core
    - RTAInneractive (= 7.5.0)
  - KwizzadRTA/Pubnative (0.4.7):
    - HyBid (= 1.4.1)
    - KwizzadRTA/Core
  - KwizzadRTA/SpotX (0.4.7):
    - KwizzadRTA/Core
    - SpotX-SDK (= 4.2.1)
    - SpotX-SDK-MOAT (= 4.2.1)
  - nanopb (0.3.9011):
    - nanopb/decode (= 0.3.9011)
    - nanopb/encode (= 0.3.9011)
  - nanopb/decode (0.3.9011)
  - nanopb/encode (0.3.9011)
  - RTAInneractive (7.5.0)
  - SmaatoSDK (10.2.3)
  - Smart-Core-SDK (7.3.0)
  - Smart-Display-SDK (7.2.0):
    - Smart-Core-SDK (~> 7.2)
  - SpotX-SDK (4.2.1)
  - SpotX-SDK-MOAT (4.2.1):
    - SpotX-SDK
  - UnityAds (3.0.0)
  - VungleSDK-iOS (6.3.2)

DEPENDENCIES:
  - KwizzadRTA (= 0.4.7)

SPEC REPOS:
  trunk:
    - AATKit
    - AdColony
    - AppLovinSDK
    - FBSDKCoreKit
    - FeedAd
    - Google-Mobile-Ads-SDK
    - GoogleAds-IMA-iOS-SDK
    - GoogleAppMeasurement
    - GoogleUtilities
    - HyBid
    - InMobiSDK
    - KwizzadRTA
    - nanopb
    - RTAInneractive
    - SmaatoSDK
    - Smart-Core-SDK
    - Smart-Display-SDK
    - SpotX-SDK
    - SpotX-SDK-MOAT
    - UnityAds
    - VungleSDK-iOS

SPEC CHECKSUMS:
  AATKit: 431d45cb26defb73119cbe1203793c36c27e0e7c
  AdColony: 0a1e13349ce430ce29374c665611013fd78f792c
  AppLovinSDK: d180201fff9afce92fb0e769a2ff4b564bd7f1db
  FBSDKCoreKit: 083ba8c8e37939c0b4c84250654c9be0aef0c2f8
  FeedAd: a893a5c2efc9b28f2955ab35e419f7eca6389f46
  Google-Mobile-Ads-SDK: d48dbaf5bae1ab7a94a9786f493c26c454bc6f16
  GoogleAds-IMA-iOS-SDK: 8f57879738137b81a48ba792e42439e6bff5413b
  GoogleAppMeasurement: d0560d915abf15e692e8538ba1d58442217b6aff
  GoogleUtilities: 06eb53bb579efe7099152735900dd04bf09e7275
  HyBid: 806c957d8aed3dad03d0b381e42a51788a0debe0
  InMobiSDK: 8fefc109960ff4603970fd81761685d8ef5c03d6
  KwizzadRTA: de084aa9acaa9fc8ec68e6d8c3ee1594e6fffa60
  nanopb: 18003b5e52dab79db540fe93fe9579f399bd1ccd
  RTAInneractive: 7314b9d4ca5034365364b5b5e9703122580de736
  SmaatoSDK: c71e8292ba1a1a6a6367a0a11f540322edd023da
  Smart-Core-SDK: d3dc366a1af946d13d737ee211d5be33dc1ed60b
  Smart-Display-SDK: d84aadc873e6007568567105e9e07dfc12ff7dce
  SpotX-SDK: 58c7452b0aea7204b78228f0192837af0075e4fb
  SpotX-SDK-MOAT: 158170163e9d864deb2f3c5c8e269f7a43a599b6
  UnityAds: ff7c0f477873f40daccd7c0bd0b656cb6cf5a2e5
  VungleSDK-iOS: 69a7f407b60281d2954ffc5eeeac349fbfed51d6

PODFILE CHECKSUM: babbbc65bca53243079b7f482d106b09a08a9308

COCOAPODS: 1.8.4
