PODS:
  - AATDependencyHelper (1.0.6)
  - AATKit/AATDependencyHelper (2.72.2):
    - AATDependencyHelper (= 1.0.6)
    - AATKit/Core
    - Google-Mobile-Ads-SDK (= 7.69.0)
  - AATKit/AdX (2.72.2):
    - AATKit/GoogleMobileAds
  - AATKit/AmazonHB (2.72.2):
    - AATKit/Core
    - AmazonPublisherServicesSDK (= 3.4.1)
  - AATKit/Core (2.72.2)
  - AATKit/DFP (2.72.2):
    - AATKit/GoogleMobileAds
  - AATKit/GoogleMobileAds (2.72.2):
    - AATKit/AATDependencyHelper
    - AATKit/Core
  - AATKit/Inmobi (2.72.2):
    - AATKit/Core
    - InMobiSDK/Core (= 9.1.0)
  - AATKit/Mopub (2.72.2):
    - AATKit/Core
  - AATKit/Smaato (2.72.2):
    - AATKit/Core
    - smaato-ios-sdk (= 21.6.6)
  - AATKit/SmartAdServer (2.72.2):
    - AATKit/Core
    - Smart-Display-SDK (= 7.8.0)
  - AATKit/Unity (2.72.2):
    - AATKit/Core
    - UnityAds (= 3.5.1)
  - AdColony (4.4.0)
  - AmazonPublisherServicesSDK (3.4.1)
  - AppLovinSDK (6.14.11)
  - FairBidSDK (3.6.1)
  - FBSDKCoreKit (8.2.0):
    - FBSDKCoreKit/Basics (= 8.2.0)
    - FBSDKCoreKit/Core (= 8.2.0)
  - FBSDKCoreKit/Basics (8.2.0)
  - FBSDKCoreKit/Core (8.2.0):
    - FBSDKCoreKit/Basics
  - FeedAd (1.2.4)
  - Google-Mobile-Ads-SDK (7.69.0):
    - GoogleAppMeasurement (~> 7.0)
    - GoogleUserMessagingPlatform (~> 1.1)
  - GoogleAppMeasurement (7.4.0):
    - GoogleUtilities/AppDelegateSwizzler (~> 7.0)
    - GoogleUtilities/MethodSwizzler (~> 7.0)
    - GoogleUtilities/Network (~> 7.0)
    - "GoogleUtilities/NSData+zlib (~> 7.0)"
    - nanopb (~> 2.30907.0)
  - GoogleUserMessagingPlatform (1.4.0)
  - GoogleUtilities/AppDelegateSwizzler (7.2.0):
    - GoogleUtilities/Environment
    - GoogleUtilities/Logger
    - GoogleUtilities/Network
  - GoogleUtilities/Environment (7.2.0):
    - PromisesObjC (~> 1.2)
  - GoogleUtilities/Logger (7.2.0):
    - GoogleUtilities/Environment
  - GoogleUtilities/MethodSwizzler (7.2.0):
    - GoogleUtilities/Logger
  - GoogleUtilities/Network (7.2.0):
    - GoogleUtilities/Logger
    - "GoogleUtilities/NSData+zlib"
    - GoogleUtilities/Reachability
  - "GoogleUtilities/NSData+zlib (7.2.0)"
  - GoogleUtilities/Reachability (7.2.0):
    - GoogleUtilities/Logger
  - HyBid (2.4.0-beta2):
    - HyBid/Banner (= 2.4.0-beta2)
    - HyBid/Core (= 2.4.0-beta2)
    - HyBid/FullScreen (= 2.4.0-beta2)
    - HyBid/Native (= 2.4.0-beta2)
    - HyBid/RewardedVideo (= 2.4.0-beta2)
  - HyBid/Banner (2.4.0-beta2):
    - HyBid/Core
  - HyBid/Core (2.4.0-beta2)
  - HyBid/FullScreen (2.4.0-beta2):
    - HyBid/Core
  - HyBid/Native (2.4.0-beta2):
    - HyBid/Core
  - HyBid/RewardedVideo (2.4.0-beta2):
    - HyBid/Core
  - HyBidX (0.9.3):
    - HyBidX/AAT (= 0.9.3)
    - HyBidX/AdColony (= 0.9.3)
    - HyBidX/Admob (= 0.9.3)
    - HyBidX/AppLovin (= 0.9.3)
    - HyBidX/Core (= 0.9.3)
    - HyBidX/FairBid (= 0.9.3)
    - HyBidX/FeedAd (= 0.9.3)
    - HyBidX/IronSource (= 0.9.3)
    - HyBidX/Pubnative (= 0.9.3)
    - HyBidX/SpotX (= 0.9.3)
  - HyBidX/AAT (0.9.3):
    - AATKit/AdX (= 2.72.2)
    - AATKit/AmazonHB (= 2.72.2)
    - AATKit/Core (= 2.72.2)
    - AATKit/DFP (= 2.72.2)
    - AATKit/Inmobi (= 2.72.2)
    - AATKit/Mopub (= 2.72.2)
    - AATKit/Smaato (= 2.72.2)
    - AATKit/SmartAdServer (= 2.72.2)
    - AATKit/Unity (= 2.72.2)
    - HyBidX/Core
  - HyBidX/AdColony (0.9.3):
    - AdColony (= 4.4.0)
    - HyBidX/Core
  - HyBidX/Admob (0.9.3):
    - Google-Mobile-Ads-SDK (= 7.69.0)
    - HyBidX/Core
  - HyBidX/AppLovin (0.9.3):
    - AppLovinSDK (= 6.14.11)
    - HyBidX/Core
  - HyBidX/Core (0.9.3):
    - FBSDKCoreKit (= 8.2.0)
  - HyBidX/FairBid (0.9.3):
    - FairBidSDK (= 3.6.1)
    - HyBidX/Core
  - HyBidX/FeedAd (0.9.3):
    - FeedAd (= 1.2.4)
    - HyBidX/Core
  - HyBidX/IronSource (0.9.3):
    - HyBidX/Core
    - RTAIronSource (= 7.0.2)
  - HyBidX/Pubnative (0.9.3):
    - HyBid (= 2.4.0-beta2)
    - HyBidX/Core
  - HyBidX/SpotX (0.9.3):
    - HyBidX/Core
    - SpotX-SDK (= 4.9.0)
  - InMobiSDK/Core (9.1.0)
  - nanopb (2.30907.0):
    - nanopb/decode (= 2.30907.0)
    - nanopb/encode (= 2.30907.0)
  - nanopb/decode (2.30907.0)
  - nanopb/encode (2.30907.0)
  - PromisesObjC (1.2.12)
  - RTAIronSource (7.0.2)
  - smaato-ios-sdk (21.6.6):
    - smaato-ios-sdk/Full (= 21.6.6)
  - smaato-ios-sdk/Banner (21.6.6):
    - smaato-ios-sdk/Modules/Banner
    - smaato-ios-sdk/Modules/Core
    - smaato-ios-sdk/Modules/RichMedia
  - smaato-ios-sdk/Full (21.6.6):
    - smaato-ios-sdk/Banner
    - smaato-ios-sdk/Interstitial
    - smaato-ios-sdk/Native
    - smaato-ios-sdk/RewardedAds
  - smaato-ios-sdk/Interstitial (21.6.6):
    - smaato-ios-sdk/Modules/Interstitial
    - smaato-ios-sdk/Modules/RichMedia
    - smaato-ios-sdk/Modules/Video
  - smaato-ios-sdk/Modules/Banner (21.6.6):
    - smaato-ios-sdk/Modules/Core
  - smaato-ios-sdk/Modules/Core (21.6.6)
  - smaato-ios-sdk/Modules/Interstitial (21.6.6):
    - smaato-ios-sdk/Modules/Core
  - smaato-ios-sdk/Modules/Native (21.6.6):
    - smaato-ios-sdk/Modules/Core
  - smaato-ios-sdk/Modules/OpenMeasurement (21.6.6):
    - smaato-ios-sdk/Modules/Core
  - smaato-ios-sdk/Modules/RewardedAds (21.6.6):
    - smaato-ios-sdk/Modules/Core
  - smaato-ios-sdk/Modules/RichMedia (21.6.6):
    - smaato-ios-sdk/Modules/Core
    - smaato-ios-sdk/Modules/OpenMeasurement
  - smaato-ios-sdk/Modules/Video (21.6.6):
    - smaato-ios-sdk/Modules/Core
    - smaato-ios-sdk/Modules/OpenMeasurement
  - smaato-ios-sdk/Native (21.6.6):
    - smaato-ios-sdk/Modules/Core
    - smaato-ios-sdk/Modules/Native
  - smaato-ios-sdk/RewardedAds (21.6.6):
    - smaato-ios-sdk/Modules/RewardedAds
    - smaato-ios-sdk/Modules/Video
  - Smart-Core-SDK (7.9.0)
  - Smart-Display-SDK (7.8.0):
    - Smart-Core-SDK (~> 7.8)
  - SpotX-SDK (4.9.0)
  - UnityAds (3.5.1)

DEPENDENCIES:
  - HyBidX (= 0.9.3)

SPEC REPOS:
  trunk:
    - AATDependencyHelper
    - AATKit
    - AdColony
    - AmazonPublisherServicesSDK
    - AppLovinSDK
    - FairBidSDK
    - FBSDKCoreKit
    - FeedAd
    - Google-Mobile-Ads-SDK
    - GoogleAppMeasurement
    - GoogleUserMessagingPlatform
    - GoogleUtilities
    - HyBid
    - HyBidX
    - InMobiSDK
    - nanopb
    - PromisesObjC
    - RTAIronSource
    - smaato-ios-sdk
    - Smart-Core-SDK
    - Smart-Display-SDK
    - SpotX-SDK
    - UnityAds

SPEC CHECKSUMS:
  AATDependencyHelper: 12e55c61653487ebbf67cc154a61a309a200a6e5
  AATKit: c936fd6c24ee895ebec4596bda643b93d646c3e8
  AdColony: 03c713bc6fedcaf3fc92f21f89276bc8a332e9c6
  AmazonPublisherServicesSDK: 22ef1df6fb7104640aacd73aff3ea6544742961a
  AppLovinSDK: 768397bbd5cb5ec1179ba32a17f06ff119ebcffe
  FairBidSDK: 2325ba078c2f15f695af75e296c89449f19ddb17
  FBSDKCoreKit: 4afd6ff53d8133a433dbcda44451c9498f8c6ce4
  FeedAd: bf1843c06bbe0dfacedec31b38d99627bcc7bcc7
  Google-Mobile-Ads-SDK: 2f288748a42920d1c744946a460896a95b0e9110
  GoogleAppMeasurement: 688d7f00e2894d9e13823ed9a028b13b993bc277
  GoogleUserMessagingPlatform: b168e8c46cd8f92aa3e34b584c4ca78a411ce367
  GoogleUtilities: d866834472f1324d080496bc67ab3ce5d0d46027
  HyBid: baba15253f5b89166820f7052fec8d41a59d5512
  HyBidX: 03271fedf1c9385b63c59588bfe3aa4893b627c4
  InMobiSDK: 1f44ab19df848259722d215d79391c0dff1dab99
  nanopb: 59221d7f958fb711001e6a449489542d92ae113e
  PromisesObjC: 3113f7f76903778cf4a0586bd1ab89329a0b7b97
  RTAIronSource: e50c3c53dae2000343ddadf81ea0aa062cfc6585
  smaato-ios-sdk: 975ac58f5cb870653bb5544962bdbe4c28f140b1
  Smart-Core-SDK: e489e9231223ab4c3e34b7445111e7c804d5f48c
  Smart-Display-SDK: d670bac47d0aeece407117943874ad8e399306b9
  SpotX-SDK: 7fcfbc6e2e368413818a354721964d6d67d4bcee
  UnityAds: 5cf7348607675db42414a1625f88c2d560f1164c

PODFILE CHECKSUM: cf6f40344c6927295117fb678e1f2446c34bac1f

COCOAPODS: 1.10.1
