// !$*UTF8*$!
{
	archiveVersion = 1;
	classes = {
	};
	objectVersion = 51;
	objects = {

/* Begin PBXBuildFile section */
		6221D38723C49AE900DD0721 /* AppDelegate.m in Sources */ = {isa = PBXBuildFile; fileRef = 6221D38623C49AE900DD0721 /* AppDelegate.m */; };
		6221D38D23C49AE900DD0721 /* ViewController.m in Sources */ = {isa = PBXBuildFile; fileRef = 6221D38C23C49AE900DD0721 /* ViewController.m */; };
		6221D39023C49AE900DD0721 /* Main.storyboard in Resources */ = {isa = PBXBuildFile; fileRef = 6221D38E23C49AE900DD0721 /* Main.storyboard */; };
		6221D39223C49AE900DD0721 /* Assets.xcassets in Resources */ = {isa = PBXBuildFile; fileRef = 6221D39123C49AE900DD0721 /* Assets.xcassets */; };
		6221D39523C49AE900DD0721 /* LaunchScreen.storyboard in Resources */ = {isa = PBXBuildFile; fileRef = 6221D39323C49AE900DD0721 /* LaunchScreen.storyboard */; };
		6221D39823C49AE900DD0721 /* main.m in Sources */ = {isa = PBXBuildFile; fileRef = 6221D39723C49AE900DD0721 /* main.m */; };
		6221D3A223C49AEA00DD0721 /* KwizzadRTASampleObjCTests.m in Sources */ = {isa = PBXBuildFile; fileRef = 6221D3A123C49AEA00DD0721 /* KwizzadRTASampleObjCTests.m */; };
		622AC7E02409160300635A2F /* ConfigurationViewController.m in Sources */ = {isa = PBXBuildFile; fileRef = 622AC7DF2409160300635A2F /* ConfigurationViewController.m */; };
		622AC7E2240922B500635A2F /* Config.m in Sources */ = {isa = PBXBuildFile; fileRef = 622AC7E1240922B500635A2F /* Config.m */; };
		62B9377E2406AB3800FA8F6B /* ConfigurationViewController.swift in Sources */ = {isa = PBXBuildFile; fileRef = 62B9377D2406AB3800FA8F6B /* ConfigurationViewController.swift */; };
		7E524DBA23592D7300AAAE78 /* AppDelegate.swift in Sources */ = {isa = PBXBuildFile; fileRef = 7E524DB923592D7300AAAE78 /* AppDelegate.swift */; };
		7E524DBE23592D7300AAAE78 /* ViewController.swift in Sources */ = {isa = PBXBuildFile; fileRef = 7E524DBD23592D7300AAAE78 /* ViewController.swift */; };
		7E524DC123592D7300AAAE78 /* Main.storyboard in Resources */ = {isa = PBXBuildFile; fileRef = 7E524DBF23592D7300AAAE78 /* Main.storyboard */; };
		7E524DC323592D7400AAAE78 /* Assets.xcassets in Resources */ = {isa = PBXBuildFile; fileRef = 7E524DC223592D7400AAAE78 /* Assets.xcassets */; };
		7E524DC623592D7400AAAE78 /* LaunchScreen.storyboard in Resources */ = {isa = PBXBuildFile; fileRef = 7E524DC423592D7400AAAE78 /* LaunchScreen.storyboard */; };
		7E524DD123592D7400AAAE78 /* HyBidXSampleTests.swift in Sources */ = {isa = PBXBuildFile; fileRef = 7E524DD023592D7400AAAE78 /* HyBidXSampleTests.swift */; };
		C9366C9011FA7007DA61B467 /* Pods_HyBidXSample.framework in Frameworks */ = {isa = PBXBuildFile; fileRef = C6DD09F43CBB08D450FC0D37 /* Pods_HyBidXSample.framework */; };
		D33B4B97BF020159E96BD006 /* Pods_HyBidXSampleObjC.framework in Frameworks */ = {isa = PBXBuildFile; fileRef = 16C0F591B05B375DB354DFAB /* Pods_HyBidXSampleObjC.framework */; };
/* End PBXBuildFile section */

/* Begin PBXContainerItemProxy section */
		6221D39E23C49AEA00DD0721 /* PBXContainerItemProxy */ = {
			isa = PBXContainerItemProxy;
			containerPortal = 7E524DAE23592D7300AAAE78 /* Project object */;
			proxyType = 1;
			remoteGlobalIDString = 6221D38223C49AE900DD0721;
			remoteInfo = KwizzadRTASampleObjC;
		};
		7E524DCD23592D7400AAAE78 /* PBXContainerItemProxy */ = {
			isa = PBXContainerItemProxy;
			containerPortal = 7E524DAE23592D7300AAAE78 /* Project object */;
			proxyType = 1;
			remoteGlobalIDString = 7E524DB523592D7300AAAE78;
			remoteInfo = KwizzadRTASample;
		};
/* End PBXContainerItemProxy section */

/* Begin PBXCopyFilesBuildPhase section */
		62E0C61823C395C90011DDE0 /* Embed Frameworks */ = {
			isa = PBXCopyFilesBuildPhase;
			buildActionMask = 2147483647;
			dstPath = "";
			dstSubfolderSpec = 10;
			files = (
			);
			name = "Embed Frameworks";
			runOnlyForDeploymentPostprocessing = 0;
		};
/* End PBXCopyFilesBuildPhase section */

/* Begin PBXFileReference section */
		16C0F591B05B375DB354DFAB /* Pods_HyBidXSampleObjC.framework */ = {isa = PBXFileReference; explicitFileType = wrapper.framework; includeInIndex = 0; path = Pods_HyBidXSampleObjC.framework; sourceTree = BUILT_PRODUCTS_DIR; };
		45213ADCBBDA2582AE980E75 /* Pods-HyBidXSampleObjC.release.xcconfig */ = {isa = PBXFileReference; includeInIndex = 1; lastKnownFileType = text.xcconfig; name = "Pods-HyBidXSampleObjC.release.xcconfig"; path = "Target Support Files/Pods-HyBidXSampleObjC/Pods-HyBidXSampleObjC.release.xcconfig"; sourceTree = "<group>"; };
		6221D38323C49AE900DD0721 /* HyBidXSampleObjC.app */ = {isa = PBXFileReference; explicitFileType = wrapper.application; includeInIndex = 0; path = HyBidXSampleObjC.app; sourceTree = BUILT_PRODUCTS_DIR; };
		6221D38523C49AE900DD0721 /* AppDelegate.h */ = {isa = PBXFileReference; lastKnownFileType = sourcecode.c.h; path = AppDelegate.h; sourceTree = "<group>"; };
		6221D38623C49AE900DD0721 /* AppDelegate.m */ = {isa = PBXFileReference; lastKnownFileType = sourcecode.c.objc; path = AppDelegate.m; sourceTree = "<group>"; };
		6221D38B23C49AE900DD0721 /* ViewController.h */ = {isa = PBXFileReference; lastKnownFileType = sourcecode.c.h; path = ViewController.h; sourceTree = "<group>"; };
		6221D38C23C49AE900DD0721 /* ViewController.m */ = {isa = PBXFileReference; lastKnownFileType = sourcecode.c.objc; path = ViewController.m; sourceTree = "<group>"; };
		6221D38F23C49AE900DD0721 /* Base */ = {isa = PBXFileReference; lastKnownFileType = file.storyboard; name = Base; path = Base.lproj/Main.storyboard; sourceTree = "<group>"; };
		6221D39123C49AE900DD0721 /* Assets.xcassets */ = {isa = PBXFileReference; lastKnownFileType = folder.assetcatalog; path = Assets.xcassets; sourceTree = "<group>"; };
		6221D39423C49AE900DD0721 /* Base */ = {isa = PBXFileReference; lastKnownFileType = file.storyboard; name = Base; path = Base.lproj/LaunchScreen.storyboard; sourceTree = "<group>"; };
		6221D39623C49AE900DD0721 /* Info.plist */ = {isa = PBXFileReference; lastKnownFileType = text.plist.xml; path = Info.plist; sourceTree = "<group>"; };
		6221D39723C49AE900DD0721 /* main.m */ = {isa = PBXFileReference; lastKnownFileType = sourcecode.c.objc; path = main.m; sourceTree = "<group>"; };
		6221D39D23C49AEA00DD0721 /* HyBidXSampleObjCTests.xctest */ = {isa = PBXFileReference; explicitFileType = wrapper.cfbundle; includeInIndex = 0; path = HyBidXSampleObjCTests.xctest; sourceTree = BUILT_PRODUCTS_DIR; };
		6221D3A123C49AEA00DD0721 /* KwizzadRTASampleObjCTests.m */ = {isa = PBXFileReference; lastKnownFileType = sourcecode.c.objc; path = KwizzadRTASampleObjCTests.m; sourceTree = "<group>"; };
		6221D3A323C49AEA00DD0721 /* Info.plist */ = {isa = PBXFileReference; lastKnownFileType = text.plist.xml; path = Info.plist; sourceTree = "<group>"; };
		622AC7DE2409160300635A2F /* ConfigurationViewController.h */ = {isa = PBXFileReference; lastKnownFileType = sourcecode.c.h; path = ConfigurationViewController.h; sourceTree = "<group>"; };
		622AC7DF2409160300635A2F /* ConfigurationViewController.m */ = {isa = PBXFileReference; lastKnownFileType = sourcecode.c.objc; path = ConfigurationViewController.m; sourceTree = "<group>"; };
		622AC7E1240922B500635A2F /* Config.m */ = {isa = PBXFileReference; lastKnownFileType = sourcecode.c.objc; path = Config.m; sourceTree = "<group>"; };
		622AC7E4240934BC00635A2F /* Config.h */ = {isa = PBXFileReference; lastKnownFileType = sourcecode.c.h; path = Config.h; sourceTree = "<group>"; };
		62B9377D2406AB3800FA8F6B /* ConfigurationViewController.swift */ = {isa = PBXFileReference; lastKnownFileType = sourcecode.swift; path = ConfigurationViewController.swift; sourceTree = "<group>"; };
		7E524DB623592D7300AAAE78 /* HyBidXSample.app */ = {isa = PBXFileReference; explicitFileType = wrapper.application; includeInIndex = 0; path = HyBidXSample.app; sourceTree = BUILT_PRODUCTS_DIR; };
		7E524DB923592D7300AAAE78 /* AppDelegate.swift */ = {isa = PBXFileReference; lastKnownFileType = sourcecode.swift; path = AppDelegate.swift; sourceTree = "<group>"; };
		7E524DBD23592D7300AAAE78 /* ViewController.swift */ = {isa = PBXFileReference; lastKnownFileType = sourcecode.swift; path = ViewController.swift; sourceTree = "<group>"; };
		7E524DC023592D7300AAAE78 /* Base */ = {isa = PBXFileReference; lastKnownFileType = file.storyboard; name = Base; path = Base.lproj/Main.storyboard; sourceTree = "<group>"; };
		7E524DC223592D7400AAAE78 /* Assets.xcassets */ = {isa = PBXFileReference; lastKnownFileType = folder.assetcatalog; path = Assets.xcassets; sourceTree = "<group>"; };
		7E524DC523592D7400AAAE78 /* Base */ = {isa = PBXFileReference; lastKnownFileType = file.storyboard; name = Base; path = Base.lproj/LaunchScreen.storyboard; sourceTree = "<group>"; };
		7E524DC723592D7400AAAE78 /* Info.plist */ = {isa = PBXFileReference; lastKnownFileType = text.plist.xml; path = Info.plist; sourceTree = "<group>"; };
		7E524DCC23592D7400AAAE78 /* HyBidXSampleTests.xctest */ = {isa = PBXFileReference; explicitFileType = wrapper.cfbundle; includeInIndex = 0; path = HyBidXSampleTests.xctest; sourceTree = BUILT_PRODUCTS_DIR; };
		7E524DD023592D7400AAAE78 /* HyBidXSampleTests.swift */ = {isa = PBXFileReference; lastKnownFileType = sourcecode.swift; path = HyBidXSampleTests.swift; sourceTree = "<group>"; };
		7E524DD223592D7400AAAE78 /* Info.plist */ = {isa = PBXFileReference; lastKnownFileType = text.plist.xml; path = Info.plist; sourceTree = "<group>"; };
		C6DD09F43CBB08D450FC0D37 /* Pods_HyBidXSample.framework */ = {isa = PBXFileReference; explicitFileType = wrapper.framework; includeInIndex = 0; path = Pods_HyBidXSample.framework; sourceTree = BUILT_PRODUCTS_DIR; };
		CB0D8D8455036ABA39047688 /* Pods-HyBidXSample.debug.xcconfig */ = {isa = PBXFileReference; includeInIndex = 1; lastKnownFileType = text.xcconfig; name = "Pods-HyBidXSample.debug.xcconfig"; path = "Target Support Files/Pods-HyBidXSample/Pods-HyBidXSample.debug.xcconfig"; sourceTree = "<group>"; };
		CE42A08DDEE943C6D743171E /* Pods-HyBidXSample.release.xcconfig */ = {isa = PBXFileReference; includeInIndex = 1; lastKnownFileType = text.xcconfig; name = "Pods-HyBidXSample.release.xcconfig"; path = "Target Support Files/Pods-HyBidXSample/Pods-HyBidXSample.release.xcconfig"; sourceTree = "<group>"; };
		DFCFFB1AAF38F1E0BD887C4F /* Pods-HyBidXSampleObjC.debug.xcconfig */ = {isa = PBXFileReference; includeInIndex = 1; lastKnownFileType = text.xcconfig; name = "Pods-HyBidXSampleObjC.debug.xcconfig"; path = "Target Support Files/Pods-HyBidXSampleObjC/Pods-HyBidXSampleObjC.debug.xcconfig"; sourceTree = "<group>"; };
/* End PBXFileReference section */

/* Begin PBXFrameworksBuildPhase section */
		6221D38023C49AE900DD0721 /* Frameworks */ = {
			isa = PBXFrameworksBuildPhase;
			buildActionMask = 2147483647;
			files = (
				D33B4B97BF020159E96BD006 /* Pods_HyBidXSampleObjC.framework in Frameworks */,
			);
			runOnlyForDeploymentPostprocessing = 0;
		};
		6221D39A23C49AEA00DD0721 /* Frameworks */ = {
			isa = PBXFrameworksBuildPhase;
			buildActionMask = 2147483647;
			files = (
			);
			runOnlyForDeploymentPostprocessing = 0;
		};
		7E524DB323592D7300AAAE78 /* Frameworks */ = {
			isa = PBXFrameworksBuildPhase;
			buildActionMask = 2147483647;
			files = (
				C9366C9011FA7007DA61B467 /* Pods_HyBidXSample.framework in Frameworks */,
			);
			runOnlyForDeploymentPostprocessing = 0;
		};
		7E524DC923592D7400AAAE78 /* Frameworks */ = {
			isa = PBXFrameworksBuildPhase;
			buildActionMask = 2147483647;
			files = (
			);
			runOnlyForDeploymentPostprocessing = 0;
		};
/* End PBXFrameworksBuildPhase section */

/* Begin PBXGroup section */
		0149EB749A95877AE9CC0880 /* Pods */ = {
			isa = PBXGroup;
			children = (
				CB0D8D8455036ABA39047688 /* Pods-HyBidXSample.debug.xcconfig */,
				CE42A08DDEE943C6D743171E /* Pods-HyBidXSample.release.xcconfig */,
				DFCFFB1AAF38F1E0BD887C4F /* Pods-HyBidXSampleObjC.debug.xcconfig */,
				45213ADCBBDA2582AE980E75 /* Pods-HyBidXSampleObjC.release.xcconfig */,
			);
			path = Pods;
			sourceTree = "<group>";
		};
		540F53C779E450FA0BE7CEDB /* Frameworks */ = {
			isa = PBXGroup;
			children = (
				C6DD09F43CBB08D450FC0D37 /* Pods_HyBidXSample.framework */,
				16C0F591B05B375DB354DFAB /* Pods_HyBidXSampleObjC.framework */,
			);
			name = Frameworks;
			sourceTree = "<group>";
		};
		6221D38423C49AE900DD0721 /* HyBidXSampleObjC */ = {
			isa = PBXGroup;
			children = (
				622AC7E4240934BC00635A2F /* Config.h */,
				622AC7E1240922B500635A2F /* Config.m */,
				6221D38523C49AE900DD0721 /* AppDelegate.h */,
				6221D38623C49AE900DD0721 /* AppDelegate.m */,
				6221D38B23C49AE900DD0721 /* ViewController.h */,
				6221D38C23C49AE900DD0721 /* ViewController.m */,
				622AC7DE2409160300635A2F /* ConfigurationViewController.h */,
				622AC7DF2409160300635A2F /* ConfigurationViewController.m */,
				6221D38E23C49AE900DD0721 /* Main.storyboard */,
				6221D39123C49AE900DD0721 /* Assets.xcassets */,
				6221D39323C49AE900DD0721 /* LaunchScreen.storyboard */,
				6221D39623C49AE900DD0721 /* Info.plist */,
				6221D39723C49AE900DD0721 /* main.m */,
			);
			path = HyBidXSampleObjC;
			sourceTree = "<group>";
		};
		6221D3A023C49AEA00DD0721 /* HyBidXSampleObjCTests */ = {
			isa = PBXGroup;
			children = (
				6221D3A123C49AEA00DD0721 /* KwizzadRTASampleObjCTests.m */,
				6221D3A323C49AEA00DD0721 /* Info.plist */,
			);
			path = HyBidXSampleObjCTests;
			sourceTree = "<group>";
		};
		7E524DAD23592D7300AAAE78 = {
			isa = PBXGroup;
			children = (
				7E524DB823592D7300AAAE78 /* HyBidXSample */,
				7E524DCF23592D7400AAAE78 /* HyBidXSampleTests */,
				6221D38423C49AE900DD0721 /* HyBidXSampleObjC */,
				6221D3A023C49AEA00DD0721 /* HyBidXSampleObjCTests */,
				7E524DB723592D7300AAAE78 /* Products */,
				0149EB749A95877AE9CC0880 /* Pods */,
				540F53C779E450FA0BE7CEDB /* Frameworks */,
			);
			sourceTree = "<group>";
		};
		7E524DB723592D7300AAAE78 /* Products */ = {
			isa = PBXGroup;
			children = (
				7E524DB623592D7300AAAE78 /* HyBidXSample.app */,
				7E524DCC23592D7400AAAE78 /* HyBidXSampleTests.xctest */,
				6221D38323C49AE900DD0721 /* HyBidXSampleObjC.app */,
				6221D39D23C49AEA00DD0721 /* HyBidXSampleObjCTests.xctest */,
			);
			name = Products;
			sourceTree = "<group>";
		};
		7E524DB823592D7300AAAE78 /* HyBidXSample */ = {
			isa = PBXGroup;
			children = (
				7E524DB923592D7300AAAE78 /* AppDelegate.swift */,
				7E524DBD23592D7300AAAE78 /* ViewController.swift */,
				62B9377D2406AB3800FA8F6B /* ConfigurationViewController.swift */,
				7E524DBF23592D7300AAAE78 /* Main.storyboard */,
				7E524DC223592D7400AAAE78 /* Assets.xcassets */,
				7E524DC423592D7400AAAE78 /* LaunchScreen.storyboard */,
				7E524DC723592D7400AAAE78 /* Info.plist */,
			);
			path = HyBidXSample;
			sourceTree = "<group>";
		};
		7E524DCF23592D7400AAAE78 /* HyBidXSampleTests */ = {
			isa = PBXGroup;
			children = (
				7E524DD023592D7400AAAE78 /* HyBidXSampleTests.swift */,
				7E524DD223592D7400AAAE78 /* Info.plist */,
			);
			path = HyBidXSampleTests;
			sourceTree = "<group>";
		};
/* End PBXGroup section */

/* Begin PBXNativeTarget section */
		6221D38223C49AE900DD0721 /* HyBidXSampleObjC */ = {
			isa = PBXNativeTarget;
			buildConfigurationList = 6221D3A423C49AEA00DD0721 /* Build configuration list for PBXNativeTarget "HyBidXSampleObjC" */;
			buildPhases = (
				DCC0E822BA073959C166D964 /* [CP] Check Pods Manifest.lock */,
				6221D37F23C49AE900DD0721 /* Sources */,
				6221D38023C49AE900DD0721 /* Frameworks */,
				6221D38123C49AE900DD0721 /* Resources */,
				2680C539B5E38EDACAA7C119 /* [CP] Embed Pods Frameworks */,
				D48DA0CA599E6575F69C7D4E /* [CP] Copy Pods Resources */,
			);
			buildRules = (
			);
			dependencies = (
			);
			name = HyBidXSampleObjC;
			productName = KwizzadRTASampleObjC;
			productReference = 6221D38323C49AE900DD0721 /* HyBidXSampleObjC.app */;
			productType = "com.apple.product-type.application";
		};
		6221D39C23C49AEA00DD0721 /* HyBidXSampleObjCTests */ = {
			isa = PBXNativeTarget;
			buildConfigurationList = 6221D3A723C49AEA00DD0721 /* Build configuration list for PBXNativeTarget "HyBidXSampleObjCTests" */;
			buildPhases = (
				6221D39923C49AEA00DD0721 /* Sources */,
				6221D39A23C49AEA00DD0721 /* Frameworks */,
				6221D39B23C49AEA00DD0721 /* Resources */,
			);
			buildRules = (
			);
			dependencies = (
				6221D39F23C49AEA00DD0721 /* PBXTargetDependency */,
			);
			name = HyBidXSampleObjCTests;
			productName = KwizzadRTASampleObjCTests;
			productReference = 6221D39D23C49AEA00DD0721 /* HyBidXSampleObjCTests.xctest */;
			productType = "com.apple.product-type.bundle.unit-test";
		};
		7E524DB523592D7300AAAE78 /* HyBidXSample */ = {
			isa = PBXNativeTarget;
			buildConfigurationList = 7E524DD523592D7400AAAE78 /* Build configuration list for PBXNativeTarget "HyBidXSample" */;
			buildPhases = (
				647572D3F1DC3BB9482298A0 /* [CP] Check Pods Manifest.lock */,
				7E524DB223592D7300AAAE78 /* Sources */,
				7E524DB323592D7300AAAE78 /* Frameworks */,
				7E524DB423592D7300AAAE78 /* Resources */,
				62E0C61823C395C90011DDE0 /* Embed Frameworks */,
				B4410EFCA54C097149D76073 /* [CP] Embed Pods Frameworks */,
				4376F23D56134449798AFCDD /* [CP] Copy Pods Resources */,
			);
			buildRules = (
			);
			dependencies = (
			);
			name = HyBidXSample;
			productName = KwizzadRTASample;
			productReference = 7E524DB623592D7300AAAE78 /* HyBidXSample.app */;
			productType = "com.apple.product-type.application";
		};
		7E524DCB23592D7400AAAE78 /* HyBidXSampleTests */ = {
			isa = PBXNativeTarget;
			buildConfigurationList = 7E524DD823592D7400AAAE78 /* Build configuration list for PBXNativeTarget "HyBidXSampleTests" */;
			buildPhases = (
				7E524DC823592D7400AAAE78 /* Sources */,
				7E524DC923592D7400AAAE78 /* Frameworks */,
				7E524DCA23592D7400AAAE78 /* Resources */,
			);
			buildRules = (
			);
			dependencies = (
				7E524DCE23592D7400AAAE78 /* PBXTargetDependency */,
			);
			name = HyBidXSampleTests;
			productName = KwizzadRTASampleTests;
			productReference = 7E524DCC23592D7400AAAE78 /* HyBidXSampleTests.xctest */;
			productType = "com.apple.product-type.bundle.unit-test";
		};
/* End PBXNativeTarget section */

/* Begin PBXProject section */
		7E524DAE23592D7300AAAE78 /* Project object */ = {
			isa = PBXProject;
			attributes = {
				LastSwiftUpdateCheck = 1130;
				LastUpgradeCheck = 1110;
				ORGANIZATIONNAME = "Fares Ben Hamouda";
				TargetAttributes = {
					6221D38223C49AE900DD0721 = {
						CreatedOnToolsVersion = 11.3;
					};
					6221D39C23C49AEA00DD0721 = {
						CreatedOnToolsVersion = 11.3;
						TestTargetID = 6221D38223C49AE900DD0721;
					};
					7E524DB523592D7300AAAE78 = {
						CreatedOnToolsVersion = 11.1;
					};
					7E524DCB23592D7400AAAE78 = {
						CreatedOnToolsVersion = 11.1;
						TestTargetID = 7E524DB523592D7300AAAE78;
					};
				};
			};
			buildConfigurationList = 7E524DB123592D7300AAAE78 /* Build configuration list for PBXProject "HyBidXSample" */;
			compatibilityVersion = "Xcode 9.3";
			developmentRegion = en;
			hasScannedForEncodings = 0;
			knownRegions = (
				en,
				Base,
			);
			mainGroup = 7E524DAD23592D7300AAAE78;
			productRefGroup = 7E524DB723592D7300AAAE78 /* Products */;
			projectDirPath = "";
			projectRoot = "";
			targets = (
				7E524DB523592D7300AAAE78 /* HyBidXSample */,
				7E524DCB23592D7400AAAE78 /* HyBidXSampleTests */,
				6221D38223C49AE900DD0721 /* HyBidXSampleObjC */,
				6221D39C23C49AEA00DD0721 /* HyBidXSampleObjCTests */,
			);
		};
/* End PBXProject section */

/* Begin PBXResourcesBuildPhase section */
		6221D38123C49AE900DD0721 /* Resources */ = {
			isa = PBXResourcesBuildPhase;
			buildActionMask = 2147483647;
			files = (
				6221D39523C49AE900DD0721 /* LaunchScreen.storyboard in Resources */,
				6221D39223C49AE900DD0721 /* Assets.xcassets in Resources */,
				6221D39023C49AE900DD0721 /* Main.storyboard in Resources */,
			);
			runOnlyForDeploymentPostprocessing = 0;
		};
		6221D39B23C49AEA00DD0721 /* Resources */ = {
			isa = PBXResourcesBuildPhase;
			buildActionMask = 2147483647;
			files = (
			);
			runOnlyForDeploymentPostprocessing = 0;
		};
		7E524DB423592D7300AAAE78 /* Resources */ = {
			isa = PBXResourcesBuildPhase;
			buildActionMask = 2147483647;
			files = (
				7E524DC623592D7400AAAE78 /* LaunchScreen.storyboard in Resources */,
				7E524DC323592D7400AAAE78 /* Assets.xcassets in Resources */,
				7E524DC123592D7300AAAE78 /* Main.storyboard in Resources */,
			);
			runOnlyForDeploymentPostprocessing = 0;
		};
		7E524DCA23592D7400AAAE78 /* Resources */ = {
			isa = PBXResourcesBuildPhase;
			buildActionMask = 2147483647;
			files = (
			);
			runOnlyForDeploymentPostprocessing = 0;
		};
/* End PBXResourcesBuildPhase section */

/* Begin PBXShellScriptBuildPhase section */
		2680C539B5E38EDACAA7C119 /* [CP] Embed Pods Frameworks */ = {
			isa = PBXShellScriptBuildPhase;
			buildActionMask = 2147483647;
			files = (
			);
			inputFileListPaths = (
				"${PODS_ROOT}/Target Support Files/Pods-HyBidXSampleObjC/Pods-HyBidXSampleObjC-frameworks-${CONFIGURATION}-input-files.xcfilelist",
			);
			name = "[CP] Embed Pods Frameworks";
			outputFileListPaths = (
				"${PODS_ROOT}/Target Support Files/Pods-HyBidXSampleObjC/Pods-HyBidXSampleObjC-frameworks-${CONFIGURATION}-output-files.xcfilelist",
			);
			runOnlyForDeploymentPostprocessing = 0;
			shellPath = /bin/sh;
			shellScript = "\"${PODS_ROOT}/Target Support Files/Pods-HyBidXSampleObjC/Pods-HyBidXSampleObjC-frameworks.sh\"\n";
			showEnvVarsInLog = 0;
		};
		4376F23D56134449798AFCDD /* [CP] Copy Pods Resources */ = {
			isa = PBXShellScriptBuildPhase;
			buildActionMask = 2147483647;
			files = (
			);
			inputFileListPaths = (
				"${PODS_ROOT}/Target Support Files/Pods-HyBidXSample/Pods-HyBidXSample-resources-${CONFIGURATION}-input-files.xcfilelist",
			);
			name = "[CP] Copy Pods Resources";
			outputFileListPaths = (
				"${PODS_ROOT}/Target Support Files/Pods-HyBidXSample/Pods-HyBidXSample-resources-${CONFIGURATION}-output-files.xcfilelist",
			);
			runOnlyForDeploymentPostprocessing = 0;
			shellPath = /bin/sh;
			shellScript = "\"${PODS_ROOT}/Target Support Files/Pods-HyBidXSample/Pods-HyBidXSample-resources.sh\"\n";
			showEnvVarsInLog = 0;
		};
		647572D3F1DC3BB9482298A0 /* [CP] Check Pods Manifest.lock */ = {
			isa = PBXShellScriptBuildPhase;
			buildActionMask = 2147483647;
			files = (
			);
			inputFileListPaths = (
			);
			inputPaths = (
				"${PODS_PODFILE_DIR_PATH}/Podfile.lock",
				"${PODS_ROOT}/Manifest.lock",
			);
			name = "[CP] Check Pods Manifest.lock";
			outputFileListPaths = (
			);
			outputPaths = (
				"$(DERIVED_FILE_DIR)/Pods-HyBidXSample-checkManifestLockResult.txt",
			);
			runOnlyForDeploymentPostprocessing = 0;
			shellPath = /bin/sh;
			shellScript = "diff \"${PODS_PODFILE_DIR_PATH}/Podfile.lock\" \"${PODS_ROOT}/Manifest.lock\" > /dev/null\nif [ $? != 0 ] ; then\n    # print error to STDERR\n    echo \"error: The sandbox is not in sync with the Podfile.lock. Run 'pod install' or update your CocoaPods installation.\" >&2\n    exit 1\nfi\n# This output is used by Xcode 'outputs' to avoid re-running this script phase.\necho \"SUCCESS\" > \"${SCRIPT_OUTPUT_FILE_0}\"\n";
			showEnvVarsInLog = 0;
		};
		B4410EFCA54C097149D76073 /* [CP] Embed Pods Frameworks */ = {
			isa = PBXShellScriptBuildPhase;
			buildActionMask = 2147483647;
			files = (
			);
			inputFileListPaths = (
				"${PODS_ROOT}/Target Support Files/Pods-HyBidXSample/Pods-HyBidXSample-frameworks-${CONFIGURATION}-input-files.xcfilelist",
			);
			name = "[CP] Embed Pods Frameworks";
			outputFileListPaths = (
				"${PODS_ROOT}/Target Support Files/Pods-HyBidXSample/Pods-HyBidXSample-frameworks-${CONFIGURATION}-output-files.xcfilelist",
			);
			runOnlyForDeploymentPostprocessing = 0;
			shellPath = /bin/sh;
			shellScript = "\"${PODS_ROOT}/Target Support Files/Pods-HyBidXSample/Pods-HyBidXSample-frameworks.sh\"\n";
			showEnvVarsInLog = 0;
		};
		D48DA0CA599E6575F69C7D4E /* [CP] Copy Pods Resources */ = {
			isa = PBXShellScriptBuildPhase;
			buildActionMask = 2147483647;
			files = (
			);
			inputFileListPaths = (
				"${PODS_ROOT}/Target Support Files/Pods-HyBidXSampleObjC/Pods-HyBidXSampleObjC-resources-${CONFIGURATION}-input-files.xcfilelist",
			);
			name = "[CP] Copy Pods Resources";
			outputFileListPaths = (
				"${PODS_ROOT}/Target Support Files/Pods-HyBidXSampleObjC/Pods-HyBidXSampleObjC-resources-${CONFIGURATION}-output-files.xcfilelist",
			);
			runOnlyForDeploymentPostprocessing = 0;
			shellPath = /bin/sh;
			shellScript = "\"${PODS_ROOT}/Target Support Files/Pods-HyBidXSampleObjC/Pods-HyBidXSampleObjC-resources.sh\"\n";
			showEnvVarsInLog = 0;
		};
		DCC0E822BA073959C166D964 /* [CP] Check Pods Manifest.lock */ = {
			isa = PBXShellScriptBuildPhase;
			buildActionMask = 2147483647;
			files = (
			);
			inputFileListPaths = (
			);
			inputPaths = (
				"${PODS_PODFILE_DIR_PATH}/Podfile.lock",
				"${PODS_ROOT}/Manifest.lock",
			);
			name = "[CP] Check Pods Manifest.lock";
			outputFileListPaths = (
			);
			outputPaths = (
				"$(DERIVED_FILE_DIR)/Pods-HyBidXSampleObjC-checkManifestLockResult.txt",
			);
			runOnlyForDeploymentPostprocessing = 0;
			shellPath = /bin/sh;
			shellScript = "diff \"${PODS_PODFILE_DIR_PATH}/Podfile.lock\" \"${PODS_ROOT}/Manifest.lock\" > /dev/null\nif [ $? != 0 ] ; then\n    # print error to STDERR\n    echo \"error: The sandbox is not in sync with the Podfile.lock. Run 'pod install' or update your CocoaPods installation.\" >&2\n    exit 1\nfi\n# This output is used by Xcode 'outputs' to avoid re-running this script phase.\necho \"SUCCESS\" > \"${SCRIPT_OUTPUT_FILE_0}\"\n";
			showEnvVarsInLog = 0;
		};
/* End PBXShellScriptBuildPhase section */

/* Begin PBXSourcesBuildPhase section */
		6221D37F23C49AE900DD0721 /* Sources */ = {
			isa = PBXSourcesBuildPhase;
			buildActionMask = 2147483647;
			files = (
				622AC7E2240922B500635A2F /* Config.m in Sources */,
				6221D38D23C49AE900DD0721 /* ViewController.m in Sources */,
				6221D38723C49AE900DD0721 /* AppDelegate.m in Sources */,
				6221D39823C49AE900DD0721 /* main.m in Sources */,
				622AC7E02409160300635A2F /* ConfigurationViewController.m in Sources */,
			);
			runOnlyForDeploymentPostprocessing = 0;
		};
		6221D39923C49AEA00DD0721 /* Sources */ = {
			isa = PBXSourcesBuildPhase;
			buildActionMask = 2147483647;
			files = (
				6221D3A223C49AEA00DD0721 /* KwizzadRTASampleObjCTests.m in Sources */,
			);
			runOnlyForDeploymentPostprocessing = 0;
		};
		7E524DB223592D7300AAAE78 /* Sources */ = {
			isa = PBXSourcesBuildPhase;
			buildActionMask = 2147483647;
			files = (
				7E524DBE23592D7300AAAE78 /* ViewController.swift in Sources */,
				7E524DBA23592D7300AAAE78 /* AppDelegate.swift in Sources */,
				62B9377E2406AB3800FA8F6B /* ConfigurationViewController.swift in Sources */,
			);
			runOnlyForDeploymentPostprocessing = 0;
		};
		7E524DC823592D7400AAAE78 /* Sources */ = {
			isa = PBXSourcesBuildPhase;
			buildActionMask = 2147483647;
			files = (
				7E524DD123592D7400AAAE78 /* HyBidXSampleTests.swift in Sources */,
			);
			runOnlyForDeploymentPostprocessing = 0;
		};
/* End PBXSourcesBuildPhase section */

/* Begin PBXTargetDependency section */
		6221D39F23C49AEA00DD0721 /* PBXTargetDependency */ = {
			isa = PBXTargetDependency;
			target = 6221D38223C49AE900DD0721 /* HyBidXSampleObjC */;
			targetProxy = 6221D39E23C49AEA00DD0721 /* PBXContainerItemProxy */;
		};
		7E524DCE23592D7400AAAE78 /* PBXTargetDependency */ = {
			isa = PBXTargetDependency;
			target = 7E524DB523592D7300AAAE78 /* HyBidXSample */;
			targetProxy = 7E524DCD23592D7400AAAE78 /* PBXContainerItemProxy */;
		};
/* End PBXTargetDependency section */

/* Begin PBXVariantGroup section */
		6221D38E23C49AE900DD0721 /* Main.storyboard */ = {
			isa = PBXVariantGroup;
			children = (
				6221D38F23C49AE900DD0721 /* Base */,
			);
			name = Main.storyboard;
			sourceTree = "<group>";
		};
		6221D39323C49AE900DD0721 /* LaunchScreen.storyboard */ = {
			isa = PBXVariantGroup;
			children = (
				6221D39423C49AE900DD0721 /* Base */,
			);
			name = LaunchScreen.storyboard;
			sourceTree = "<group>";
		};
		7E524DBF23592D7300AAAE78 /* Main.storyboard */ = {
			isa = PBXVariantGroup;
			children = (
				7E524DC023592D7300AAAE78 /* Base */,
			);
			name = Main.storyboard;
			sourceTree = "<group>";
		};
		7E524DC423592D7400AAAE78 /* LaunchScreen.storyboard */ = {
			isa = PBXVariantGroup;
			children = (
				7E524DC523592D7400AAAE78 /* Base */,
			);
			name = LaunchScreen.storyboard;
			sourceTree = "<group>";
		};
/* End PBXVariantGroup section */

/* Begin XCBuildConfiguration section */
		6221D3A523C49AEA00DD0721 /* Debug */ = {
			isa = XCBuildConfiguration;
			baseConfigurationReference = DFCFFB1AAF38F1E0BD887C4F /* Pods-HyBidXSampleObjC.debug.xcconfig */;
			buildSettings = {
				ASSETCATALOG_COMPILER_APPICON_NAME = AppIcon;
				CODE_SIGN_IDENTITY = "iPhone Distribution";
				CODE_SIGN_STYLE = Manual;
				DEVELOPMENT_TEAM = TL55SBB4FM;
				ENABLE_BITCODE = NO;
				INFOPLIST_FILE = HyBidXSampleObjC/Info.plist;
				IPHONEOS_DEPLOYMENT_TARGET = 9.0;
				LD_RUNPATH_SEARCH_PATHS = (
					"$(inherited)",
					"@executable_path/Frameworks",
				);
				PRODUCT_BUNDLE_IDENTIFIER = net.pubnative.public.HyBidXSampleObjC;
				PRODUCT_NAME = HyBidXSampleObjC;
				PROVISIONING_PROFILE_SPECIFIER = "match AdHoc net.pubnative.public.HyBidXSampleObjC";
				TARGETED_DEVICE_FAMILY = "1,2";
			};
			name = Debug;
		};
		6221D3A623C49AEA00DD0721 /* Release */ = {
			isa = XCBuildConfiguration;
			baseConfigurationReference = 45213ADCBBDA2582AE980E75 /* Pods-HyBidXSampleObjC.release.xcconfig */;
			buildSettings = {
				ASSETCATALOG_COMPILER_APPICON_NAME = AppIcon;
				CODE_SIGN_IDENTITY = "iPhone Distribution";
				CODE_SIGN_STYLE = Manual;
				DEVELOPMENT_TEAM = TL55SBB4FM;
				ENABLE_BITCODE = NO;
				INFOPLIST_FILE = HyBidXSampleObjC/Info.plist;
				IPHONEOS_DEPLOYMENT_TARGET = 9.0;
				LD_RUNPATH_SEARCH_PATHS = (
					"$(inherited)",
					"@executable_path/Frameworks",
				);
				PRODUCT_BUNDLE_IDENTIFIER = net.pubnative.public.HyBidXSampleObjC;
				PRODUCT_NAME = HyBidXSampleObjC;
				PROVISIONING_PROFILE_SPECIFIER = "match AdHoc net.pubnative.public.HyBidXSampleObjC";
				TARGETED_DEVICE_FAMILY = "1,2";
			};
			name = Release;
		};
		6221D3A823C49AEA00DD0721 /* Debug */ = {
			isa = XCBuildConfiguration;
			buildSettings = {
				BUNDLE_LOADER = "$(TEST_HOST)";
				CODE_SIGN_STYLE = Automatic;
				DEVELOPMENT_TEAM = TL55SBB4FM;
				INFOPLIST_FILE = HyBidXSampleObjCTests/Info.plist;
				IPHONEOS_DEPLOYMENT_TARGET = 13.2;
				LD_RUNPATH_SEARCH_PATHS = (
					"$(inherited)",
					"@executable_path/Frameworks",
					"@loader_path/Frameworks",
				);
				PRODUCT_BUNDLE_IDENTIFIER = net.pubnative.public.HyBidXSampleObjCTests;
				PRODUCT_NAME = "$(TARGET_NAME)";
				TARGETED_DEVICE_FAMILY = "1,2";
				TEST_HOST = "$(BUILT_PRODUCTS_DIR)/HyBidXSampleObjC.app/HyBidXSampleObjC";
			};
			name = Debug;
		};
		6221D3A923C49AEA00DD0721 /* Release */ = {
			isa = XCBuildConfiguration;
			buildSettings = {
				BUNDLE_LOADER = "$(TEST_HOST)";
				CODE_SIGN_STYLE = Automatic;
				DEVELOPMENT_TEAM = TL55SBB4FM;
				INFOPLIST_FILE = HyBidXSampleObjCTests/Info.plist;
				IPHONEOS_DEPLOYMENT_TARGET = 13.2;
				LD_RUNPATH_SEARCH_PATHS = (
					"$(inherited)",
					"@executable_path/Frameworks",
					"@loader_path/Frameworks",
				);
				PRODUCT_BUNDLE_IDENTIFIER = net.pubnative.public.HyBidXSampleObjCTests;
				PRODUCT_NAME = "$(TARGET_NAME)";
				TARGETED_DEVICE_FAMILY = "1,2";
				TEST_HOST = "$(BUILT_PRODUCTS_DIR)/HyBidXSampleObjC.app/HyBidXSampleObjC";
			};
			name = Release;
		};
		7E524DD323592D7400AAAE78 /* Debug */ = {
			isa = XCBuildConfiguration;
			buildSettings = {
				ALWAYS_SEARCH_USER_PATHS = NO;
				CLANG_ANALYZER_NONNULL = YES;
				CLANG_ANALYZER_NUMBER_OBJECT_CONVERSION = YES_AGGRESSIVE;
				CLANG_CXX_LANGUAGE_STANDARD = "gnu++14";
				CLANG_CXX_LIBRARY = "libc++";
				CLANG_ENABLE_MODULES = YES;
				CLANG_ENABLE_OBJC_ARC = YES;
				CLANG_ENABLE_OBJC_WEAK = YES;
				CLANG_WARN_BLOCK_CAPTURE_AUTORELEASING = YES;
				CLANG_WARN_BOOL_CONVERSION = YES;
				CLANG_WARN_COMMA = YES;
				CLANG_WARN_CONSTANT_CONVERSION = YES;
				CLANG_WARN_DEPRECATED_OBJC_IMPLEMENTATIONS = YES;
				CLANG_WARN_DIRECT_OBJC_ISA_USAGE = YES_ERROR;
				CLANG_WARN_DOCUMENTATION_COMMENTS = YES;
				CLANG_WARN_EMPTY_BODY = YES;
				CLANG_WARN_ENUM_CONVERSION = YES;
				CLANG_WARN_INFINITE_RECURSION = YES;
				CLANG_WARN_INT_CONVERSION = YES;
				CLANG_WARN_NON_LITERAL_NULL_CONVERSION = YES;
				CLANG_WARN_OBJC_IMPLICIT_RETAIN_SELF = YES;
				CLANG_WARN_OBJC_LITERAL_CONVERSION = YES;
				CLANG_WARN_OBJC_ROOT_CLASS = YES_ERROR;
				CLANG_WARN_RANGE_LOOP_ANALYSIS = YES;
				CLANG_WARN_STRICT_PROTOTYPES = YES;
				CLANG_WARN_SUSPICIOUS_MOVE = YES;
				CLANG_WARN_UNGUARDED_AVAILABILITY = YES_AGGRESSIVE;
				CLANG_WARN_UNREACHABLE_CODE = YES;
				CLANG_WARN__DUPLICATE_METHOD_MATCH = YES;
				COPY_PHASE_STRIP = NO;
				DEBUG_INFORMATION_FORMAT = dwarf;
				ENABLE_STRICT_OBJC_MSGSEND = YES;
				ENABLE_TESTABILITY = YES;
				GCC_C_LANGUAGE_STANDARD = gnu11;
				GCC_DYNAMIC_NO_PIC = NO;
				GCC_NO_COMMON_BLOCKS = YES;
				GCC_OPTIMIZATION_LEVEL = 0;
				GCC_PREPROCESSOR_DEFINITIONS = (
					"DEBUG=1",
					"$(inherited)",
				);
				GCC_WARN_64_TO_32_BIT_CONVERSION = YES;
				GCC_WARN_ABOUT_RETURN_TYPE = YES_ERROR;
				GCC_WARN_UNDECLARED_SELECTOR = YES;
				GCC_WARN_UNINITIALIZED_AUTOS = YES_AGGRESSIVE;
				GCC_WARN_UNUSED_FUNCTION = YES;
				GCC_WARN_UNUSED_VARIABLE = YES;
				IPHONEOS_DEPLOYMENT_TARGET = 13.1;
				MTL_ENABLE_DEBUG_INFO = INCLUDE_SOURCE;
				MTL_FAST_MATH = YES;
				ONLY_ACTIVE_ARCH = YES;
				SDKROOT = iphoneos;
				SWIFT_ACTIVE_COMPILATION_CONDITIONS = DEBUG;
				SWIFT_OPTIMIZATION_LEVEL = "-Onone";
			};
			name = Debug;
		};
		7E524DD423592D7400AAAE78 /* Release */ = {
			isa = XCBuildConfiguration;
			buildSettings = {
				ALWAYS_SEARCH_USER_PATHS = NO;
				CLANG_ANALYZER_NONNULL = YES;
				CLANG_ANALYZER_NUMBER_OBJECT_CONVERSION = YES_AGGRESSIVE;
				CLANG_CXX_LANGUAGE_STANDARD = "gnu++14";
				CLANG_CXX_LIBRARY = "libc++";
				CLANG_ENABLE_MODULES = YES;
				CLANG_ENABLE_OBJC_ARC = YES;
				CLANG_ENABLE_OBJC_WEAK = YES;
				CLANG_WARN_BLOCK_CAPTURE_AUTORELEASING = YES;
				CLANG_WARN_BOOL_CONVERSION = YES;
				CLANG_WARN_COMMA = YES;
				CLANG_WARN_CONSTANT_CONVERSION = YES;
				CLANG_WARN_DEPRECATED_OBJC_IMPLEMENTATIONS = YES;
				CLANG_WARN_DIRECT_OBJC_ISA_USAGE = YES_ERROR;
				CLANG_WARN_DOCUMENTATION_COMMENTS = YES;
				CLANG_WARN_EMPTY_BODY = YES;
				CLANG_WARN_ENUM_CONVERSION = YES;
				CLANG_WARN_INFINITE_RECURSION = YES;
				CLANG_WARN_INT_CONVERSION = YES;
				CLANG_WARN_NON_LITERAL_NULL_CONVERSION = YES;
				CLANG_WARN_OBJC_IMPLICIT_RETAIN_SELF = YES;
				CLANG_WARN_OBJC_LITERAL_CONVERSION = YES;
				CLANG_WARN_OBJC_ROOT_CLASS = YES_ERROR;
				CLANG_WARN_RANGE_LOOP_ANALYSIS = YES;
				CLANG_WARN_STRICT_PROTOTYPES = YES;
				CLANG_WARN_SUSPICIOUS_MOVE = YES;
				CLANG_WARN_UNGUARDED_AVAILABILITY = YES_AGGRESSIVE;
				CLANG_WARN_UNREACHABLE_CODE = YES;
				CLANG_WARN__DUPLICATE_METHOD_MATCH = YES;
				COPY_PHASE_STRIP = NO;
				DEBUG_INFORMATION_FORMAT = "dwarf-with-dsym";
				ENABLE_NS_ASSERTIONS = NO;
				ENABLE_STRICT_OBJC_MSGSEND = YES;
				GCC_C_LANGUAGE_STANDARD = gnu11;
				GCC_NO_COMMON_BLOCKS = YES;
				GCC_WARN_64_TO_32_BIT_CONVERSION = YES;
				GCC_WARN_ABOUT_RETURN_TYPE = YES_ERROR;
				GCC_WARN_UNDECLARED_SELECTOR = YES;
				GCC_WARN_UNINITIALIZED_AUTOS = YES_AGGRESSIVE;
				GCC_WARN_UNUSED_FUNCTION = YES;
				GCC_WARN_UNUSED_VARIABLE = YES;
				IPHONEOS_DEPLOYMENT_TARGET = 13.1;
				MTL_ENABLE_DEBUG_INFO = NO;
				MTL_FAST_MATH = YES;
				SDKROOT = iphoneos;
				SWIFT_COMPILATION_MODE = wholemodule;
				SWIFT_OPTIMIZATION_LEVEL = "-O";
				VALIDATE_PRODUCT = YES;
			};
			name = Release;
		};
		7E524DD623592D7400AAAE78 /* Debug */ = {
			isa = XCBuildConfiguration;
			baseConfigurationReference = CB0D8D8455036ABA39047688 /* Pods-HyBidXSample.debug.xcconfig */;
			buildSettings = {
				ASSETCATALOG_COMPILER_APPICON_NAME = AppIcon;
				CODE_SIGN_IDENTITY = "iPhone Distribution";
				CODE_SIGN_STYLE = Manual;
				DEVELOPMENT_TEAM = TL55SBB4FM;
				ENABLE_BITCODE = NO;
				FRAMEWORK_SEARCH_PATHS = (
					"$(inherited)",
					"$(PROJECT_DIR)/Pods/HyBidX/HyBidX.framework/Base",
				);
				INFOPLIST_FILE = HyBidXSample/Info.plist;
				IPHONEOS_DEPLOYMENT_TARGET = 9.0;
				LD_RUNPATH_SEARCH_PATHS = (
					"$(inherited)",
					"@executable_path/Frameworks",
				);
				PRODUCT_BUNDLE_IDENTIFIER = net.pubnative.public.HyBidXSample;
				PRODUCT_NAME = HyBidXSample;
				PROVISIONING_PROFILE_SPECIFIER = "match AdHoc net.pubnative.public.HyBidXSample";
				SWIFT_VERSION = 5.0;
				TARGETED_DEVICE_FAMILY = "1,2";
			};
			name = Debug;
		};
		7E524DD723592D7400AAAE78 /* Release */ = {
			isa = XCBuildConfiguration;
			baseConfigurationReference = CE42A08DDEE943C6D743171E /* Pods-HyBidXSample.release.xcconfig */;
			buildSettings = {
				ASSETCATALOG_COMPILER_APPICON_NAME = AppIcon;
				CODE_SIGN_IDENTITY = "iPhone Distribution";
				CODE_SIGN_STYLE = Manual;
				DEVELOPMENT_TEAM = TL55SBB4FM;
				ENABLE_BITCODE = NO;
				FRAMEWORK_SEARCH_PATHS = (
					"$(inherited)",
					"$(PROJECT_DIR)/Pods/HyBidX/HyBidX.framework/Base",
				);
				INFOPLIST_FILE = HyBidXSample/Info.plist;
				IPHONEOS_DEPLOYMENT_TARGET = 9.0;
				LD_RUNPATH_SEARCH_PATHS = (
					"$(inherited)",
					"@executable_path/Frameworks",
				);
				PRODUCT_BUNDLE_IDENTIFIER = net.pubnative.public.HyBidXSample;
				PRODUCT_NAME = HyBidXSample;
				PROVISIONING_PROFILE_SPECIFIER = "match AdHoc net.pubnative.public.HyBidXSample";
				SWIFT_VERSION = 5.0;
				TARGETED_DEVICE_FAMILY = "1,2";
			};
			name = Release;
		};
		7E524DD923592D7400AAAE78 /* Debug */ = {
			isa = XCBuildConfiguration;
			buildSettings = {
				ALWAYS_EMBED_SWIFT_STANDARD_LIBRARIES = YES;
				BUNDLE_LOADER = "$(TEST_HOST)";
				CODE_SIGN_STYLE = Automatic;
				DEVELOPMENT_TEAM = M6VZFHJV8T;
				INFOPLIST_FILE = HyBidXSampleTests/Info.plist;
				IPHONEOS_DEPLOYMENT_TARGET = 13.1;
				LD_RUNPATH_SEARCH_PATHS = (
					"$(inherited)",
					"@executable_path/Frameworks",
					"@loader_path/Frameworks",
				);
				PRODUCT_BUNDLE_IDENTIFIER = net.pubnative.public.HyBidXSampleTests;
				PRODUCT_NAME = "$(TARGET_NAME)";
				SWIFT_VERSION = 5.0;
				TARGETED_DEVICE_FAMILY = "1,2";
				TEST_HOST = "$(BUILT_PRODUCTS_DIR)/HyBidXSample.app/HyBidXSample";
			};
			name = Debug;
		};
		7E524DDA23592D7400AAAE78 /* Release */ = {
			isa = XCBuildConfiguration;
			buildSettings = {
				ALWAYS_EMBED_SWIFT_STANDARD_LIBRARIES = YES;
				BUNDLE_LOADER = "$(TEST_HOST)";
				CODE_SIGN_STYLE = Automatic;
				DEVELOPMENT_TEAM = M6VZFHJV8T;
				INFOPLIST_FILE = HyBidXSampleTests/Info.plist;
				IPHONEOS_DEPLOYMENT_TARGET = 13.1;
				LD_RUNPATH_SEARCH_PATHS = (
					"$(inherited)",
					"@executable_path/Frameworks",
					"@loader_path/Frameworks",
				);
				PRODUCT_BUNDLE_IDENTIFIER = net.pubnative.public.HyBidXSampleTests;
				PRODUCT_NAME = "$(TARGET_NAME)";
				SWIFT_VERSION = 5.0;
				TARGETED_DEVICE_FAMILY = "1,2";
				TEST_HOST = "$(BUILT_PRODUCTS_DIR)/HyBidXSample.app/HyBidXSample";
			};
			name = Release;
		};
/* End XCBuildConfiguration section */

/* Begin XCConfigurationList section */
		6221D3A423C49AEA00DD0721 /* Build configuration list for PBXNativeTarget "HyBidXSampleObjC" */ = {
			isa = XCConfigurationList;
			buildConfigurations = (
				6221D3A523C49AEA00DD0721 /* Debug */,
				6221D3A623C49AEA00DD0721 /* Release */,
			);
			defaultConfigurationIsVisible = 0;
			defaultConfigurationName = Release;
		};
		6221D3A723C49AEA00DD0721 /* Build configuration list for PBXNativeTarget "HyBidXSampleObjCTests" */ = {
			isa = XCConfigurationList;
			buildConfigurations = (
				6221D3A823C49AEA00DD0721 /* Debug */,
				6221D3A923C49AEA00DD0721 /* Release */,
			);
			defaultConfigurationIsVisible = 0;
			defaultConfigurationName = Release;
		};
		7E524DB123592D7300AAAE78 /* Build configuration list for PBXProject "HyBidXSample" */ = {
			isa = XCConfigurationList;
			buildConfigurations = (
				7E524DD323592D7400AAAE78 /* Debug */,
				7E524DD423592D7400AAAE78 /* Release */,
			);
			defaultConfigurationIsVisible = 0;
			defaultConfigurationName = Release;
		};
		7E524DD523592D7400AAAE78 /* Build configuration list for PBXNativeTarget "HyBidXSample" */ = {
			isa = XCConfigurationList;
			buildConfigurations = (
				7E524DD623592D7400AAAE78 /* Debug */,
				7E524DD723592D7400AAAE78 /* Release */,
			);
			defaultConfigurationIsVisible = 0;
			defaultConfigurationName = Release;
		};
		7E524DD823592D7400AAAE78 /* Build configuration list for PBXNativeTarget "HyBidXSampleTests" */ = {
			isa = XCConfigurationList;
			buildConfigurations = (
				7E524DD923592D7400AAAE78 /* Debug */,
				7E524DDA23592D7400AAAE78 /* Release */,
			);
			defaultConfigurationIsVisible = 0;
			defaultConfigurationName = Release;
		};
/* End XCConfigurationList section */
	};
	rootObject = 7E524DAE23592D7300AAAE78 /* Project object */;
}
