// !$*UTF8*$!
{
	archiveVersion = 1;
	classes = {
	};
	objectVersion = 50;
	objects = {

/* Begin PBXBuildFile section */
		7E524DBA23592D7300AAAE78 /* AppDelegate.swift in Sources */ = {isa = PBXBuildFile; fileRef = 7E524DB923592D7300AAAE78 /* AppDelegate.swift */; };
		7E524DBC23592D7300AAAE78 /* SceneDelegate.swift in Sources */ = {isa = PBXBuildFile; fileRef = 7E524DBB23592D7300AAAE78 /* SceneDelegate.swift */; };
		7E524DBE23592D7300AAAE78 /* ViewController.swift in Sources */ = {isa = PBXBuildFile; fileRef = 7E524DBD23592D7300AAAE78 /* ViewController.swift */; };
		7E524DC123592D7300AAAE78 /* Main.storyboard in Resources */ = {isa = PBXBuildFile; fileRef = 7E524DBF23592D7300AAAE78 /* Main.storyboard */; };
		7E524DC323592D7400AAAE78 /* Assets.xcassets in Resources */ = {isa = PBXBuildFile; fileRef = 7E524DC223592D7400AAAE78 /* Assets.xcassets */; };
		7E524DC623592D7400AAAE78 /* LaunchScreen.storyboard in Resources */ = {isa = PBXBuildFile; fileRef = 7E524DC423592D7400AAAE78 /* LaunchScreen.storyboard */; };
		7E524DD123592D7400AAAE78 /* KwizzadRTASampleTests.swift in Sources */ = {isa = PBXBuildFile; fileRef = 7E524DD023592D7400AAAE78 /* KwizzadRTASampleTests.swift */; };
/* End PBXBuildFile section */

/* Begin PBXContainerItemProxy section */
		7E524DCD23592D7400AAAE78 /* PBXContainerItemProxy */ = {
			isa = PBXContainerItemProxy;
			containerPortal = 7E524DAE23592D7300AAAE78 /* Project object */;
			proxyType = 1;
			remoteGlobalIDString = 7E524DB523592D7300AAAE78;
			remoteInfo = KwizzadRTASample;
		};
/* End PBXContainerItemProxy section */

/* Begin PBXFileReference section */
		7E524DB623592D7300AAAE78 /* KwizzadRTASample.app */ = {isa = PBXFileReference; explicitFileType = wrapper.application; includeInIndex = 0; path = KwizzadRTASample.app; sourceTree = BUILT_PRODUCTS_DIR; };
		7E524DB923592D7300AAAE78 /* AppDelegate.swift */ = {isa = PBXFileReference; lastKnownFileType = sourcecode.swift; path = AppDelegate.swift; sourceTree = "<group>"; };
		7E524DBB23592D7300AAAE78 /* SceneDelegate.swift */ = {isa = PBXFileReference; lastKnownFileType = sourcecode.swift; path = SceneDelegate.swift; sourceTree = "<group>"; };
		7E524DBD23592D7300AAAE78 /* ViewController.swift */ = {isa = PBXFileReference; lastKnownFileType = sourcecode.swift; path = ViewController.swift; sourceTree = "<group>"; };
		7E524DC023592D7300AAAE78 /* Base */ = {isa = PBXFileReference; lastKnownFileType = file.storyboard; name = Base; path = Base.lproj/Main.storyboard; sourceTree = "<group>"; };
		7E524DC223592D7400AAAE78 /* Assets.xcassets */ = {isa = PBXFileReference; lastKnownFileType = folder.assetcatalog; path = Assets.xcassets; sourceTree = "<group>"; };
		7E524DC523592D7400AAAE78 /* Base */ = {isa = PBXFileReference; lastKnownFileType = file.storyboard; name = Base; path = Base.lproj/LaunchScreen.storyboard; sourceTree = "<group>"; };
		7E524DC723592D7400AAAE78 /* Info.plist */ = {isa = PBXFileReference; lastKnownFileType = text.plist.xml; path = Info.plist; sourceTree = "<group>"; };
		7E524DCC23592D7400AAAE78 /* KwizzadRTASampleTests.xctest */ = {isa = PBXFileReference; explicitFileType = wrapper.cfbundle; includeInIndex = 0; path = KwizzadRTASampleTests.xctest; sourceTree = BUILT_PRODUCTS_DIR; };
		7E524DD023592D7400AAAE78 /* KwizzadRTASampleTests.swift */ = {isa = PBXFileReference; lastKnownFileType = sourcecode.swift; path = KwizzadRTASampleTests.swift; sourceTree = "<group>"; };
		7E524DD223592D7400AAAE78 /* Info.plist */ = {isa = PBXFileReference; lastKnownFileType = text.plist.xml; path = Info.plist; sourceTree = "<group>"; };
/* End PBXFileReference section */

/* Begin PBXFrameworksBuildPhase section */
		7E524DB323592D7300AAAE78 /* Frameworks */ = {
			isa = PBXFrameworksBuildPhase;
			buildActionMask = 2147483647;
			files = (
			);
			runOnlyForDeploymentPostprocessing = 0;
		};
		7E524DC923592D7400AAAE78 /* Frameworks */ = {
			isa = PBXFrameworksBuildPhase;
			buildActionMask = 2147483647;
			files = (
			);
			runOnlyForDeploymentPostprocessing = 0;
		};
/* End PBXFrameworksBuildPhase section */

/* Begin PBXGroup section */
		7E524DAD23592D7300AAAE78 = {
			isa = PBXGroup;
			children = (
				7E524DB823592D7300AAAE78 /* KwizzadRTASample */,
				7E524DCF23592D7400AAAE78 /* KwizzadRTASampleTests */,
				7E524DB723592D7300AAAE78 /* Products */,
			);
			sourceTree = "<group>";
		};
		7E524DB723592D7300AAAE78 /* Products */ = {
			isa = PBXGroup;
			children = (
				7E524DB623592D7300AAAE78 /* KwizzadRTASample.app */,
				7E524DCC23592D7400AAAE78 /* KwizzadRTASampleTests.xctest */,
			);
			name = Products;
			sourceTree = "<group>";
		};
		7E524DB823592D7300AAAE78 /* KwizzadRTASample */ = {
			isa = PBXGroup;
			children = (
				7E524DB923592D7300AAAE78 /* AppDelegate.swift */,
				7E524DBB23592D7300AAAE78 /* SceneDelegate.swift */,
				7E524DBD23592D7300AAAE78 /* ViewController.swift */,
				7E524DBF23592D7300AAAE78 /* Main.storyboard */,
				7E524DC223592D7400AAAE78 /* Assets.xcassets */,
				7E524DC423592D7400AAAE78 /* LaunchScreen.storyboard */,
				7E524DC723592D7400AAAE78 /* Info.plist */,
			);
			path = KwizzadRTASample;
			sourceTree = "<group>";
		};
		7E524DCF23592D7400AAAE78 /* KwizzadRTASampleTests */ = {
			isa = PBXGroup;
			children = (
				7E524DD023592D7400AAAE78 /* KwizzadRTASampleTests.swift */,
				7E524DD223592D7400AAAE78 /* Info.plist */,
			);
			path = KwizzadRTASampleTests;
			sourceTree = "<group>";
		};
/* End PBXGroup section */

/* Begin PBXNativeTarget section */
		7E524DB523592D7300AAAE78 /* KwizzadRTASample */ = {
			isa = PBXNativeTarget;
			buildConfigurationList = 7E524DD523592D7400AAAE78 /* Build configuration list for PBXNativeTarget "KwizzadRTASample" */;
			buildPhases = (
				7E524DB223592D7300AAAE78 /* Sources */,
				7E524DB323592D7300AAAE78 /* Frameworks */,
				7E524DB423592D7300AAAE78 /* Resources */,
			);
			buildRules = (
			);
			dependencies = (
			);
			name = KwizzadRTASample;
			productName = KwizzadRTASample;
			productReference = 7E524DB623592D7300AAAE78 /* KwizzadRTASample.app */;
			productType = "com.apple.product-type.application";
		};
		7E524DCB23592D7400AAAE78 /* KwizzadRTASampleTests */ = {
			isa = PBXNativeTarget;
			buildConfigurationList = 7E524DD823592D7400AAAE78 /* Build configuration list for PBXNativeTarget "KwizzadRTASampleTests" */;
			buildPhases = (
				7E524DC823592D7400AAAE78 /* Sources */,
				7E524DC923592D7400AAAE78 /* Frameworks */,
				7E524DCA23592D7400AAAE78 /* Resources */,
			);
			buildRules = (
			);
			dependencies = (
				7E524DCE23592D7400AAAE78 /* PBXTargetDependency */,
			);
			name = KwizzadRTASampleTests;
			productName = KwizzadRTASampleTests;
			productReference = 7E524DCC23592D7400AAAE78 /* KwizzadRTASampleTests.xctest */;
			productType = "com.apple.product-type.bundle.unit-test";
		};
/* End PBXNativeTarget section */

/* Begin PBXProject section */
		7E524DAE23592D7300AAAE78 /* Project object */ = {
			isa = PBXProject;
			attributes = {
				LastSwiftUpdateCheck = 1110;
				LastUpgradeCheck = 1110;
				ORGANIZATIONNAME = "Fares Ben Hamouda";
				TargetAttributes = {
					7E524DB523592D7300AAAE78 = {
						CreatedOnToolsVersion = 11.1;
					};
					7E524DCB23592D7400AAAE78 = {
						CreatedOnToolsVersion = 11.1;
						TestTargetID = 7E524DB523592D7300AAAE78;
					};
				};
			};
			buildConfigurationList = 7E524DB123592D7300AAAE78 /* Build configuration list for PBXProject "KwizzadRTASample" */;
			compatibilityVersion = "Xcode 9.3";
			developmentRegion = en;
			hasScannedForEncodings = 0;
			knownRegions = (
				en,
				Base,
			);
			mainGroup = 7E524DAD23592D7300AAAE78;
			productRefGroup = 7E524DB723592D7300AAAE78 /* Products */;
			projectDirPath = "";
			projectRoot = "";
			targets = (
				7E524DB523592D7300AAAE78 /* KwizzadRTASample */,
				7E524DCB23592D7400AAAE78 /* KwizzadRTASampleTests */,
			);
		};
/* End PBXProject section */

/* Begin PBXResourcesBuildPhase section */
		7E524DB423592D7300AAAE78 /* Resources */ = {
			isa = PBXResourcesBuildPhase;
			buildActionMask = 2147483647;
			files = (
				7E524DC623592D7400AAAE78 /* LaunchScreen.storyboard in Resources */,
				7E524DC323592D7400AAAE78 /* Assets.xcassets in Resources */,
				7E524DC123592D7300AAAE78 /* Main.storyboard in Resources */,
			);
			runOnlyForDeploymentPostprocessing = 0;
		};
		7E524DCA23592D7400AAAE78 /* Resources */ = {
			isa = PBXResourcesBuildPhase;
			buildActionMask = 2147483647;
			files = (
			);
			runOnlyForDeploymentPostprocessing = 0;
		};
/* End PBXResourcesBuildPhase section */

/* Begin PBXSourcesBuildPhase section */
		7E524DB223592D7300AAAE78 /* Sources */ = {
			isa = PBXSourcesBuildPhase;
			buildActionMask = 2147483647;
			files = (
				7E524DBE23592D7300AAAE78 /* ViewController.swift in Sources */,
				7E524DBA23592D7300AAAE78 /* AppDelegate.swift in Sources */,
				7E524DBC23592D7300AAAE78 /* SceneDelegate.swift in Sources */,
			);
			runOnlyForDeploymentPostprocessing = 0;
		};
		7E524DC823592D7400AAAE78 /* Sources */ = {
			isa = PBXSourcesBuildPhase;
			buildActionMask = 2147483647;
			files = (
				7E524DD123592D7400AAAE78 /* KwizzadRTASampleTests.swift in Sources */,
			);
			runOnlyForDeploymentPostprocessing = 0;
		};
/* End PBXSourcesBuildPhase section */

/* Begin PBXTargetDependency section */
		7E524DCE23592D7400AAAE78 /* PBXTargetDependency */ = {
			isa = PBXTargetDependency;
			target = 7E524DB523592D7300AAAE78 /* KwizzadRTASample */;
			targetProxy = 7E524DCD23592D7400AAAE78 /* PBXContainerItemProxy */;
		};
/* End PBXTargetDependency section */

/* Begin PBXVariantGroup section */
		7E524DBF23592D7300AAAE78 /* Main.storyboard */ = {
			isa = PBXVariantGroup;
			children = (
				7E524DC023592D7300AAAE78 /* Base */,
			);
			name = Main.storyboard;
			sourceTree = "<group>";
		};
		7E524DC423592D7400AAAE78 /* LaunchScreen.storyboard */ = {
			isa = PBXVariantGroup;
			children = (
				7E524DC523592D7400AAAE78 /* Base */,
			);
			name = LaunchScreen.storyboard;
			sourceTree = "<group>";
		};
/* End PBXVariantGroup section */

/* Begin XCBuildConfiguration section */
		7E524DD323592D7400AAAE78 /* Debug */ = {
			isa = XCBuildConfiguration;
			buildSettings = {
				ALWAYS_SEARCH_USER_PATHS = NO;
				CLANG_ANALYZER_NONNULL = YES;
				CLANG_ANALYZER_NUMBER_OBJECT_CONVERSION = YES_AGGRESSIVE;
				CLANG_CXX_LANGUAGE_STANDARD = "gnu++14";
				CLANG_CXX_LIBRARY = "libc++";
				CLANG_ENABLE_MODULES = YES;
				CLANG_ENABLE_OBJC_ARC = YES;
				CLANG_ENABLE_OBJC_WEAK = YES;
				CLANG_WARN_BLOCK_CAPTURE_AUTORELEASING = YES;
				CLANG_WARN_BOOL_CONVERSION = YES;
				CLANG_WARN_COMMA = YES;
				CLANG_WARN_CONSTANT_CONVERSION = YES;
				CLANG_WARN_DEPRECATED_OBJC_IMPLEMENTATIONS = YES;
				CLANG_WARN_DIRECT_OBJC_ISA_USAGE = YES_ERROR;
				CLANG_WARN_DOCUMENTATION_COMMENTS = YES;
				CLANG_WARN_EMPTY_BODY = YES;
				CLANG_WARN_ENUM_CONVERSION = YES;
				CLANG_WARN_INFINITE_RECURSION = YES;
				CLANG_WARN_INT_CONVERSION = YES;
				CLANG_WARN_NON_LITERAL_NULL_CONVERSION = YES;
				CLANG_WARN_OBJC_IMPLICIT_RETAIN_SELF = YES;
				CLANG_WARN_OBJC_LITERAL_CONVERSION = YES;
				CLANG_WARN_OBJC_ROOT_CLASS = YES_ERROR;
				CLANG_WARN_RANGE_LOOP_ANALYSIS = YES;
				CLANG_WARN_STRICT_PROTOTYPES = YES;
				CLANG_WARN_SUSPICIOUS_MOVE = YES;
				CLANG_WARN_UNGUARDED_AVAILABILITY = YES_AGGRESSIVE;
				CLANG_WARN_UNREACHABLE_CODE = YES;
				CLANG_WARN__DUPLICATE_METHOD_MATCH = YES;
				COPY_PHASE_STRIP = NO;
				DEBUG_INFORMATION_FORMAT = dwarf;
				ENABLE_STRICT_OBJC_MSGSEND = YES;
				ENABLE_TESTABILITY = YES;
				GCC_C_LANGUAGE_STANDARD = gnu11;
				GCC_DYNAMIC_NO_PIC = NO;
				GCC_NO_COMMON_BLOCKS = YES;
				GCC_OPTIMIZATION_LEVEL = 0;
				GCC_PREPROCESSOR_DEFINITIONS = (
					"DEBUG=1",
					"$(inherited)",
				);
				GCC_WARN_64_TO_32_BIT_CONVERSION = YES;
				GCC_WARN_ABOUT_RETURN_TYPE = YES_ERROR;
				GCC_WARN_UNDECLARED_SELECTOR = YES;
				GCC_WARN_UNINITIALIZED_AUTOS = YES_AGGRESSIVE;
				GCC_WARN_UNUSED_FUNCTION = YES;
				GCC_WARN_UNUSED_VARIABLE = YES;
				IPHONEOS_DEPLOYMENT_TARGET = 13.1;
				MTL_ENABLE_DEBUG_INFO = INCLUDE_SOURCE;
				MTL_FAST_MATH = YES;
				ONLY_ACTIVE_ARCH = YES;
				SDKROOT = iphoneos;
				SWIFT_ACTIVE_COMPILATION_CONDITIONS = DEBUG;
				SWIFT_OPTIMIZATION_LEVEL = "-Onone";
			};
			name = Debug;
		};
		7E524DD423592D7400AAAE78 /* Release */ = {
			isa = XCBuildConfiguration;
			buildSettings = {
				ALWAYS_SEARCH_USER_PATHS = NO;
				CLANG_ANALYZER_NONNULL = YES;
				CLANG_ANALYZER_NUMBER_OBJECT_CONVERSION = YES_AGGRESSIVE;
				CLANG_CXX_LANGUAGE_STANDARD = "gnu++14";
				CLANG_CXX_LIBRARY = "libc++";
				CLANG_ENABLE_MODULES = YES;
				CLANG_ENABLE_OBJC_ARC = YES;
				CLANG_ENABLE_OBJC_WEAK = YES;
				CLANG_WARN_BLOCK_CAPTURE_AUTORELEASING = YES;
				CLANG_WARN_BOOL_CONVERSION = YES;
				CLANG_WARN_COMMA = YES;
				CLANG_WARN_CONSTANT_CONVERSION = YES;
				CLANG_WARN_DEPRECATED_OBJC_IMPLEMENTATIONS = YES;
				CLANG_WARN_DIRECT_OBJC_ISA_USAGE = YES_ERROR;
				CLANG_WARN_DOCUMENTATION_COMMENTS = YES;
				CLANG_WARN_EMPTY_BODY = YES;
				CLANG_WARN_ENUM_CONVERSION = YES;
				CLANG_WARN_INFINITE_RECURSION = YES;
				CLANG_WARN_INT_CONVERSION = YES;
				CLANG_WARN_NON_LITERAL_NULL_CONVERSION = YES;
				CLANG_WARN_OBJC_IMPLICIT_RETAIN_SELF = YES;
				CLANG_WARN_OBJC_LITERAL_CONVERSION = YES;
				CLANG_WARN_OBJC_ROOT_CLASS = YES_ERROR;
				CLANG_WARN_RANGE_LOOP_ANALYSIS = YES;
				CLANG_WARN_STRICT_PROTOTYPES = YES;
				CLANG_WARN_SUSPICIOUS_MOVE = YES;
				CLANG_WARN_UNGUARDED_AVAILABILITY = YES_AGGRESSIVE;
				CLANG_WARN_UNREACHABLE_CODE = YES;
				CLANG_WARN__DUPLICATE_METHOD_MATCH = YES;
				COPY_PHASE_STRIP = NO;
				DEBUG_INFORMATION_FORMAT = "dwarf-with-dsym";
				ENABLE_NS_ASSERTIONS = NO;
				ENABLE_STRICT_OBJC_MSGSEND = YES;
				GCC_C_LANGUAGE_STANDARD = gnu11;
				GCC_NO_COMMON_BLOCKS = YES;
				GCC_WARN_64_TO_32_BIT_CONVERSION = YES;
				GCC_WARN_ABOUT_RETURN_TYPE = YES_ERROR;
				GCC_WARN_UNDECLARED_SELECTOR = YES;
				GCC_WARN_UNINITIALIZED_AUTOS = YES_AGGRESSIVE;
				GCC_WARN_UNUSED_FUNCTION = YES;
				GCC_WARN_UNUSED_VARIABLE = YES;
				IPHONEOS_DEPLOYMENT_TARGET = 13.1;
				MTL_ENABLE_DEBUG_INFO = NO;
				MTL_FAST_MATH = YES;
				SDKROOT = iphoneos;
				SWIFT_COMPILATION_MODE = wholemodule;
				SWIFT_OPTIMIZATION_LEVEL = "-O";
				VALIDATE_PRODUCT = YES;
			};
			name = Release;
		};
		7E524DD623592D7400AAAE78 /* Debug */ = {
			isa = XCBuildConfiguration;
			buildSettings = {
				ASSETCATALOG_COMPILER_APPICON_NAME = AppIcon;
				CODE_SIGN_STYLE = Automatic;
				DEVELOPMENT_TEAM = M6VZFHJV8T;
				INFOPLIST_FILE = KwizzadRTASample/Info.plist;
				LD_RUNPATH_SEARCH_PATHS = (
					"$(inherited)",
					"@executable_path/Frameworks",
				);
				PRODUCT_BUNDLE_IDENTIFIER = com.kwizzad.KwizzadRTASample;
				PRODUCT_NAME = "$(TARGET_NAME)";
				SWIFT_VERSION = 5.0;
				TARGETED_DEVICE_FAMILY = "1,2";
			};
			name = Debug;
		};
		7E524DD723592D7400AAAE78 /* Release */ = {
			isa = XCBuildConfiguration;
			buildSettings = {
				ASSETCATALOG_COMPILER_APPICON_NAME = AppIcon;
				CODE_SIGN_STYLE = Automatic;
				DEVELOPMENT_TEAM = M6VZFHJV8T;
				INFOPLIST_FILE = KwizzadRTASample/Info.plist;
				LD_RUNPATH_SEARCH_PATHS = (
					"$(inherited)",
					"@executable_path/Frameworks",
				);
				PRODUCT_BUNDLE_IDENTIFIER = com.kwizzad.KwizzadRTASample;
				PRODUCT_NAME = "$(TARGET_NAME)";
				SWIFT_VERSION = 5.0;
				TARGETED_DEVICE_FAMILY = "1,2";
			};
			name = Release;
		};
		7E524DD923592D7400AAAE78 /* Debug */ = {
			isa = XCBuildConfiguration;
			buildSettings = {
				ALWAYS_EMBED_SWIFT_STANDARD_LIBRARIES = YES;
				BUNDLE_LOADER = "$(TEST_HOST)";
				CODE_SIGN_STYLE = Automatic;
				DEVELOPMENT_TEAM = M6VZFHJV8T;
				INFOPLIST_FILE = KwizzadRTASampleTests/Info.plist;
				IPHONEOS_DEPLOYMENT_TARGET = 13.1;
				LD_RUNPATH_SEARCH_PATHS = (
					"$(inherited)",
					"@executable_path/Frameworks",
					"@loader_path/Frameworks",
				);
				PRODUCT_BUNDLE_IDENTIFIER = com.kwizzad.KwizzadRTASampleTests;
				PRODUCT_NAME = "$(TARGET_NAME)";
				SWIFT_VERSION = 5.0;
				TARGETED_DEVICE_FAMILY = "1,2";
				TEST_HOST = "$(BUILT_PRODUCTS_DIR)/KwizzadRTASample.app/KwizzadRTASample";
			};
			name = Debug;
		};
		7E524DDA23592D7400AAAE78 /* Release */ = {
			isa = XCBuildConfiguration;
			buildSettings = {
				ALWAYS_EMBED_SWIFT_STANDARD_LIBRARIES = YES;
				BUNDLE_LOADER = "$(TEST_HOST)";
				CODE_SIGN_STYLE = Automatic;
				DEVELOPMENT_TEAM = M6VZFHJV8T;
				INFOPLIST_FILE = KwizzadRTASampleTests/Info.plist;
				IPHONEOS_DEPLOYMENT_TARGET = 13.1;
				LD_RUNPATH_SEARCH_PATHS = (
					"$(inherited)",
					"@executable_path/Frameworks",
					"@loader_path/Frameworks",
				);
				PRODUCT_BUNDLE_IDENTIFIER = com.kwizzad.KwizzadRTASampleTests;
				PRODUCT_NAME = "$(TARGET_NAME)";
				SWIFT_VERSION = 5.0;
				TARGETED_DEVICE_FAMILY = "1,2";
				TEST_HOST = "$(BUILT_PRODUCTS_DIR)/KwizzadRTASample.app/KwizzadRTASample";
			};
			name = Release;
		};
/* End XCBuildConfiguration section */

/* Begin XCConfigurationList section */
		7E524DB123592D7300AAAE78 /* Build configuration list for PBXProject "KwizzadRTASample" */ = {
			isa = XCConfigurationList;
			buildConfigurations = (
				7E524DD323592D7400AAAE78 /* Debug */,
				7E524DD423592D7400AAAE78 /* Release */,
			);
			defaultConfigurationIsVisible = 0;
			defaultConfigurationName = Release;
		};
		7E524DD523592D7400AAAE78 /* Build configuration list for PBXNativeTarget "KwizzadRTASample" */ = {
			isa = XCConfigurationList;
			buildConfigurations = (
				7E524DD623592D7400AAAE78 /* Debug */,
				7E524DD723592D7400AAAE78 /* Release */,
			);
			defaultConfigurationIsVisible = 0;
			defaultConfigurationName = Release;
		};
		7E524DD823592D7400AAAE78 /* Build configuration list for PBXNativeTarget "KwizzadRTASampleTests" */ = {
			isa = XCConfigurationList;
			buildConfigurations = (
				7E524DD923592D7400AAAE78 /* Debug */,
				7E524DDA23592D7400AAAE78 /* Release */,
			);
			defaultConfigurationIsVisible = 0;
			defaultConfigurationName = Release;
		};
/* End XCConfigurationList section */
	};
	rootObject = 7E524DAE23592D7300AAAE78 /* Project object */;
}
